
Microsoft Visual Studio Solution File, Format Version 12.00
# Visual Studio 15
VisualStudioVersion = 15.0.28307.1267
MinimumVisualStudioVersion = 10.0.40219.1
Project("{8BC9CEB8-8B4A-11D0-8D11-00A0C91BC942}") = "05", "05\05.vcxproj", "{53D18818-64FE-405F-B10E-11C1857A8CCF}"
EndProject
Global
	GlobalSection(SolutionConfigurationPlatforms) = preSolution
		Debug|x64 = Debug|x64
		Debug|x86 = Debug|x86
		Release|x64 = Release|x64
		Release|x86 = Release|x86
	EndGlobalSection
	GlobalSection(ProjectConfigurationPlatforms) = postSolution
		{53D18818-64FE-405F-B10E-11C1857A8CCF}.Debug|x64.ActiveCfg = Debug|x64
		{53D18818-64FE-405F-B10E-11C1857A8CCF}.Debug|x64.Build.0 = Debug|x64
		{53D18818-64FE-405F-B10E-11C1857A8CCF}.Debug|x86.ActiveCfg = Debug|Win32
		{53D18818-64FE-405F-B10E-11C1857A8CCF}.Debug|x86.Build.0 = Debug|Win32
		{53D18818-64FE-405F-B10E-11C1857A8CCF}.Release|x64.ActiveCfg = Release|x64
		{53D18818-64FE-405F-B10E-11C1857A8CCF}.Release|x64.Build.0 = Release|x64
		{53D18818-64FE-405F-B10E-11C1857A8CCF}.Release|x86.ActiveCfg = Release|Win32
		{53D18818-64FE-405F-B10E-11C1857A8CCF}.Release|x86.Build.0 = Release|Win32
	EndGlobalSection
	GlobalSection(SolutionProperties) = preSolution
		HideSolutionNode = FALSE
	EndGlobalSection
	GlobalSection(ExtensibilityGlobals) = postSolution
		SolutionGuid = {4E154B5F-B5B3-4ACF-B56C-FBC15173E6BC}
	EndGlobalSection
EndGlobal
