
Microsoft Visual Studio Solution File, Format Version 12.00
# Visual Studio 15
VisualStudioVersion = 15.0.28307.1267
MinimumVisualStudioVersion = 10.0.40219.1
Project("{8BC9CEB8-8B4A-11D0-8D11-00A0C91BC942}") = "21", "21\21.vcxproj", "{3DB8D514-E256-4B18-B9DA-97E17CB2B490}"
EndProject
Global
	GlobalSection(SolutionConfigurationPlatforms) = preSolution
		Debug|x64 = Debug|x64
		Debug|x86 = Debug|x86
		Release|x64 = Release|x64
		Release|x86 = Release|x86
	EndGlobalSection
	GlobalSection(ProjectConfigurationPlatforms) = postSolution
		{3DB8D514-E256-4B18-B9DA-97E17CB2B490}.Debug|x64.ActiveCfg = Debug|x64
		{3DB8D514-E256-4B18-B9DA-97E17CB2B490}.Debug|x64.Build.0 = Debug|x64
		{3DB8D514-E256-4B18-B9DA-97E17CB2B490}.Debug|x86.ActiveCfg = Debug|Win32
		{3DB8D514-E256-4B18-B9DA-97E17CB2B490}.Debug|x86.Build.0 = Debug|Win32
		{3DB8D514-E256-4B18-B9DA-97E17CB2B490}.Release|x64.ActiveCfg = Release|x64
		{3DB8D514-E256-4B18-B9DA-97E17CB2B490}.Release|x64.Build.0 = Release|x64
		{3DB8D514-E256-4B18-B9DA-97E17CB2B490}.Release|x86.ActiveCfg = Release|Win32
		{3DB8D514-E256-4B18-B9DA-97E17CB2B490}.Release|x86.Build.0 = Release|Win32
	EndGlobalSection
	GlobalSection(SolutionProperties) = preSolution
		HideSolutionNode = FALSE
	EndGlobalSection
	GlobalSection(ExtensibilityGlobals) = postSolution
		SolutionGuid = {F532EACF-A320-4826-9EF6-67FFC9E1AD1D}
	EndGlobalSection
EndGlobal
